{
  "version": "2",
  "remote": {
    "https://deno.land/std@0.167.0/fmt/colors.ts": "03ad95e543d2808bc43c17a3dd29d25b43d0f16287fe562a0be89bf632454a12",
    "https://deno.land/std@0.167.0/testing/_diff.ts": "a23e7fc2b4d8daa3e158fa06856bedf5334ce2a2831e8bf9e509717f455adb2c",
    "https://deno.land/std@0.167.0/testing/_format.ts": "cd11136e1797791045e639e9f0f4640d5b4166148796cad37e6ef75f7d7f3832",
    "https://deno.land/std@0.167.0/testing/asserts.ts": "51353e79437361d4b02d8e32f3fc83b22231bc8f8d4c841d86fd32b0b0afe940",
    "https://deno.land/x/durationjs@v4.1.0/mod.ts": "a7f9d3f38823caa9965f3e61f74a75fb09be548cca2517bd91be7ce15e4b35f1",
    "https://deno.land/x/durationjs@v4.1.0/src/duration.ts": "e0c9a09311c22a6dafb7429081802c85a7920176213215315cbf587c5ea7a5ac",
    "https://deno.land/x/durationjs@v4.1.0/src/in_words.ts": "1839490e2cb17fec2871bf87d6c7f7435c68416f9360d9f140777936d4680137"
  }
}
